
Microsoft Visual Studio Solution File, Format Version 12.00
# Visual Studio Version 17
VisualStudioVersion = 17.7.34018.315
MinimumVisualStudioVersion = 10.0.40219.1
Project("{FAE04EC0-301F-11D3-BF4B-00C04F79EFBC}") = "Uppgift 6.3", "Uppgift 6.3\Uppgift 6.3.csproj", "{F7AD3F63-F554-4395-9AA2-FA09CB1454AF}"
EndProject
Global
	GlobalSection(SolutionConfigurationPlatforms) = preSolution
		Debug|Any CPU = Debug|Any CPU
		Release|Any CPU = Release|Any CPU
	EndGlobalSection
	GlobalSection(ProjectConfigurationPlatforms) = postSolution
		{F7AD3F63-F554-4395-9AA2-FA09CB1454AF}.Debug|Any CPU.ActiveCfg = Debug|Any CPU
		{F7AD3F63-F554-4395-9AA2-FA09CB1454AF}.Debug|Any CPU.Build.0 = Debug|Any CPU
		{F7AD3F63-F554-4395-9AA2-FA09CB1454AF}.Release|Any CPU.ActiveCfg = Release|Any CPU
		{F7AD3F63-F554-4395-9AA2-FA09CB1454AF}.Release|Any CPU.Build.0 = Release|Any CPU
	EndGlobalSection
	GlobalSection(SolutionProperties) = preSolution
		HideSolutionNode = FALSE
	EndGlobalSection
	GlobalSection(ExtensibilityGlobals) = postSolution
		SolutionGuid = {8289AD3F-3C37-46EE-BD57-C8C161BA78ED}
	EndGlobalSection
EndGlobal
